
Microsoft Visual Studio Solution File, Format Version 12.00
# Visual Studio Version 17
VisualStudioVersion = 17.10.35122.118
MinimumVisualStudioVersion = 10.0.40219.1
Project("{FAE04EC0-301F-11D3-BF4B-00C04F79EFBC}") = "Products-CRUD", "Products-CRUD\Products-CRUD.csproj", "{5EF1B213-5ECD-46FB-AAEB-2C014D594656}"
EndProject
Global
	GlobalSection(SolutionConfigurationPlatforms) = preSolution
		Debug|Any CPU = Debug|Any CPU
		Release|Any CPU = Release|Any CPU
	EndGlobalSection
	GlobalSection(ProjectConfigurationPlatforms) = postSolution
		{5EF1B213-5ECD-46FB-AAEB-2C014D594656}.Debug|Any CPU.ActiveCfg = Debug|Any CPU
		{5EF1B213-5ECD-46FB-AAEB-2C014D594656}.Debug|Any CPU.Build.0 = Debug|Any CPU
		{5EF1B213-5ECD-46FB-AAEB-2C014D594656}.Release|Any CPU.ActiveCfg = Release|Any CPU
		{5EF1B213-5ECD-46FB-AAEB-2C014D594656}.Release|Any CPU.Build.0 = Release|Any CPU
	EndGlobalSection
	GlobalSection(SolutionProperties) = preSolution
		HideSolutionNode = FALSE
	EndGlobalSection
	GlobalSection(ExtensibilityGlobals) = postSolution
		SolutionGuid = {56CE02D0-A06D-4F7D-915C-4405A0DA0511}
	EndGlobalSection
EndGlobal
